{
  "nodes": {
    "disko": {
      "inputs": {
        "nixpkgs": [
          "nixpkgs"
        ]
      },
      "locked": {
        "lastModified": 1773889306,
        "narHash": "sha256-PAqwnsBSI9SVC2QugvQ3xeYCB0otOwCacB1ueQj2tgw=",
        "owner": "nix-community",
        "repo": "disko",
        "rev": "5ad85c82cc52264f4beddc934ba57f3789f28347",
        "type": "github"
      },
      "original": {
        "owner": "nix-community",
        "repo": "disko",
        "type": "github"
      }
    },
    "hatter": {
      "flake": false,
      "locked": {
        "lastModified": 1773864880,
        "narHash": "sha256-KN7rHV/Ak5qIJkwu6qvV5dwZnMjAriT6tfcRJBzYUfI=",
        "owner": "Mibea",
        "repo": "Hatter",
        "rev": "3e940440d20b8be7a9e02b3c5d546308b3ed084d",
        "type": "github"
      },
      "original": {
        "owner": "Mibea",
        "repo": "Hatter",
        "type": "github"
      }
    },
    "home-manager": {
      "inputs": {
        "nixpkgs": [
          "nixpkgs"
        ]
      },
      "locked": {
        "lastModified": 1773810247,
        "narHash": "sha256-6Vz1Thy/1s7z+Rq5OfkWOBAdV4eD+OrvDs10yH6xJzQ=",
        "owner": "nix-community",
        "repo": "home-manager",
        "rev": "d47357a4c806d18a3e853ad2699eaec3c01622e7",
        "type": "github"
      },
      "original": {
        "owner": "nix-community",
        "repo": "home-manager",
        "type": "github"
      }
    },
    "neuwaita": {
      "flake": false,
      "locked": {
        "lastModified": 1773853522,
        "narHash": "sha256-A4yfcB+L1IwHGKhg32gq/E9qMoBF84zsnfl8fvWhYag=",
        "owner": "RusticBard",
        "repo": "Neuwaita",
        "rev": "112525b2a97226bb3e8ef4433c039bc514bc2973",
        "type": "github"
      },
      "original": {
        "owner": "RusticBard",
        "repo": "Neuwaita",
        "type": "github"
      }
    },
    "nixpkgs": {
      "locked": {
        "lastModified": 1773821835,
        "narHash": "sha256-TJ3lSQtW0E2JrznGVm8hOQGVpXjJyXY2guAxku2O9A4=",
        "owner": "NixOS",
        "repo": "nixpkgs",
        "rev": "b40629efe5d6ec48dd1efba650c797ddbd39ace0",
        "type": "github"
      },
      "original": {
        "owner": "NixOS",
        "ref": "nixos-unstable",
        "repo": "nixpkgs",
        "type": "github"
      }
    },
    "orchis-theme": {
      "flake": false,
      "locked": {
        "lastModified": 1763815534,
        "narHash": "sha256-iyGDFc3ZGDWgTrgK3dqfVaLckjiTmG5fz8dMn9/9rRw=",
        "owner": "vinceliuice",
        "repo": "Orchis-theme",
        "rev": "ff798aa9af2548d395ee95bbdab5fa54603c8588",
        "type": "github"
      },
      "original": {
        "owner": "vinceliuice",
        "repo": "Orchis-theme",
        "type": "github"
      }
    },
    "root": {
      "inputs": {
        "disko": "disko",
        "hatter": "hatter",
        "home-manager": "home-manager",
        "neuwaita": "neuwaita",
        "nixpkgs": "nixpkgs",
        "orchis-theme": "orchis-theme"
      }
    }
  },
  "root": "root",
  "version": 7
}
